
Microsoft Visual Studio Solution File, Format Version 12.00
# Visual Studio 15
VisualStudioVersion = 15.0.27428.2005
MinimumVisualStudioVersion = 10.0.40219.1
Project("{FAE04EC0-301F-11D3-BF4B-00C04F79EFBC}") = "ScriptKiddie", "ScriptKiddie.csproj", "{F3F4FEC9-F8E4-4217-88E7-66A6B738871B}"
EndProject
Project("{FAE04EC0-301F-11D3-BF4B-00C04F79EFBC}") = "ScriptKiddie.ConsoleTest", "..\ScriptKiddie.ConsoleTest\ScriptKiddie.ConsoleTest.csproj", "{D6256383-EAFA-422F-9793-BA6F0F7C2372}"
EndProject
Global
	GlobalSection(SolutionConfigurationPlatforms) = preSolution
		Debug|Any CPU = Debug|Any CPU
		Release|Any CPU = Release|Any CPU
	EndGlobalSection
	GlobalSection(ProjectConfigurationPlatforms) = postSolution
		{F3F4FEC9-F8E4-4217-88E7-66A6B738871B}.Debug|Any CPU.ActiveCfg = Debug|Any CPU
		{F3F4FEC9-F8E4-4217-88E7-66A6B738871B}.Debug|Any CPU.Build.0 = Debug|Any CPU
		{F3F4FEC9-F8E4-4217-88E7-66A6B738871B}.Release|Any CPU.ActiveCfg = Release|Any CPU
		{F3F4FEC9-F8E4-4217-88E7-66A6B738871B}.Release|Any CPU.Build.0 = Release|Any CPU
		{D6256383-EAFA-422F-9793-BA6F0F7C2372}.Debug|Any CPU.ActiveCfg = Debug|Any CPU
		{D6256383-EAFA-422F-9793-BA6F0F7C2372}.Debug|Any CPU.Build.0 = Debug|Any CPU
		{D6256383-EAFA-422F-9793-BA6F0F7C2372}.Release|Any CPU.ActiveCfg = Release|Any CPU
		{D6256383-EAFA-422F-9793-BA6F0F7C2372}.Release|Any CPU.Build.0 = Release|Any CPU
	EndGlobalSection
	GlobalSection(SolutionProperties) = preSolution
		HideSolutionNode = FALSE
	EndGlobalSection
	GlobalSection(ExtensibilityGlobals) = postSolution
		SolutionGuid = {8FD2E421-3170-4138-B660-3A208BC1F440}
	EndGlobalSection
EndGlobal
